// !$*UTF8*$!
{
	archiveVersion = 1;
	classes = {
	};
	objectVersion = 46;
	objects = {

/* Begin PBXBuildFile section */
		18334C8E1A1604A700F84C5E /* main.m in Sources */ = {isa = PBXBuildFile; fileRef = 18334C8D1A1604A700F84C5E /* main.m */; };
		18334C911A1604A700F84C5E /* AppDelegate.m in Sources */ = {isa = PBXBuildFile; fileRef = 18334C901A1604A700F84C5E /* AppDelegate.m */; };
		18334C941A1604A700F84C5E /* ViewController.m in Sources */ = {isa = PBXBuildFile; fileRef = 18334C931A1604A700F84C5E /* ViewController.m */; };
		18334C971A1604A700F84C5E /* Main.storyboard in Resources */ = {isa = PBXBuildFile; fileRef = 18334C951A1604A700F84C5E /* Main.storyboard */; };
		18334C991A1604A700F84C5E /* Images.xcassets in Resources */ = {isa = PBXBuildFile; fileRef = 18334C981A1604A700F84C5E /* Images.xcassets */; };
		18334C9C1A1604A700F84C5E /* LaunchScreen.xib in Resources */ = {isa = PBXBuildFile; fileRef = 18334C9A1A1604A700F84C5E /* LaunchScreen.xib */; };
		18334CA81A1604A700F84C5E /* TabbasedTests.m in Sources */ = {isa = PBXBuildFile; fileRef = 18334CA71A1604A700F84C5E /* TabbasedTests.m */; };
/* End PBXBuildFile section */

/* Begin PBXContainerItemProxy section */
		18334CA21A1604A700F84C5E /* PBXContainerItemProxy */ = {
			isa = PBXContainerItemProxy;
			containerPortal = 18334C801A1604A700F84C5E /* Project object */;
			proxyType = 1;
			remoteGlobalIDString = 18334C871A1604A700F84C5E;
			remoteInfo = Tabbased;
		};
/* End PBXContainerItemProxy section */

/* Begin PBXFileReference section */
		18334C881A1604A700F84C5E /* Tabbased.app */ = {isa = PBXFileReference; explicitFileType = wrapper.application; includeInIndex = 0; path = Tabbased.app; sourceTree = BUILT_PRODUCTS_DIR; };
		18334C8C1A1604A700F84C5E /* Info.plist */ = {isa = PBXFileReference; lastKnownFileType = text.plist.xml; path = Info.plist; sourceTree = "<group>"; };
		18334C8D1A1604A700F84C5E /* main.m */ = {isa = PBXFileReference; lastKnownFileType = sourcecode.c.objc; path = main.m; sourceTree = "<group>"; };
		18334C8F1A1604A700F84C5E /* AppDelegate.h */ = {isa = PBXFileReference; lastKnownFileType = sourcecode.c.h; path = AppDelegate.h; sourceTree = "<group>"; };
		18334C901A1604A700F84C5E /* AppDelegate.m */ = {isa = PBXFileReference; lastKnownFileType = sourcecode.c.objc; path = AppDelegate.m; sourceTree = "<group>"; };
		18334C921A1604A700F84C5E /* ViewController.h */ = {isa = PBXFileReference; lastKnownFileType = sourcecode.c.h; path = ViewController.h; sourceTree = "<group>"; };
		18334C931A1604A700F84C5E /* ViewController.m */ = {isa = PBXFileReference; lastKnownFileType = sourcecode.c.objc; path = ViewController.m; sourceTree = "<group>"; };
		18334C961A1604A700F84C5E /* Base */ = {isa = PBXFileReference; lastKnownFileType = file.storyboard; name = Base; path = Base.lproj/Main.storyboard; sourceTree = "<group>"; };
		18334C981A1604A700F84C5E /* Images.xcassets */ = {isa = PBXFileReference; lastKnownFileType = folder.assetcatalog; path = Images.xcassets; sourceTree = "<group>"; };
		18334C9B1A1604A700F84C5E /* Base */ = {isa = PBXFileReference; lastKnownFileType = file.xib; name = Base; path = Base.lproj/LaunchScreen.xib; sourceTree = "<group>"; };
		18334CA11A1604A700F84C5E /* TabbasedTests.xctest */ = {isa = PBXFileReference; explicitFileType = wrapper.cfbundle; includeInIndex = 0; path = TabbasedTests.xctest; sourceTree = BUILT_PRODUCTS_DIR; };
		18334CA61A1604A700F84C5E /* Info.plist */ = {isa = PBXFileReference; lastKnownFileType = text.plist.xml; path = Info.plist; sourceTree = "<group>"; };
		18334CA71A1604A700F84C5E /* TabbasedTests.m */ = {isa = PBXFileReference; lastKnownFileType = sourcecode.c.objc; path = TabbasedTests.m; sourceTree = "<group>"; };
/* End PBXFileReference section */

/* Begin PBXFrameworksBuildPhase section */
		18334C851A1604A700F84C5E /* Frameworks */ = {
			isa = PBXFrameworksBuildPhase;
			buildActionMask = 2147483647;
			files = (
			);
			runOnlyForDeploymentPostprocessing = 0;
		};
		18334C9E1A1604A700F84C5E /* Frameworks */ = {
			isa = PBXFrameworksBuildPhase;
			buildActionMask = 2147483647;
			files = (
			);
			runOnlyForDeploymentPostprocessing = 0;
		};
/* End PBXFrameworksBuildPhase section */

/* Begin PBXGroup section */
		18334C7F1A1604A700F84C5E = {
			isa = PBXGroup;
			children = (
				18334C8A1A1604A700F84C5E /* Tabbased */,
				18334CA41A1604A700F84C5E /* TabbasedTests */,
				18334C891A1604A700F84C5E /* Products */,
			);
			sourceTree = "<group>";
		};
		18334C891A1604A700F84C5E /* Products */ = {
			isa = PBXGroup;
			children = (
				18334C881A1604A700F84C5E /* Tabbased.app */,
				18334CA11A1604A700F84C5E /* TabbasedTests.xctest */,
			);
			name = Products;
			sourceTree = "<group>";
		};
		18334C8A1A1604A700F84C5E /* Tabbased */ = {
			isa = PBXGroup;
			children = (
				18334C8F1A1604A700F84C5E /* AppDelegate.h */,
				18334C901A1604A700F84C5E /* AppDelegate.m */,
				18334C921A1604A700F84C5E /* ViewController.h */,
				18334C931A1604A700F84C5E /* ViewController.m */,
				18334C951A1604A700F84C5E /* Main.storyboard */,
				18334C981A1604A700F84C5E /* Images.xcassets */,
				18334C9A1A1604A700F84C5E /* LaunchScreen.xib */,
				18334C8B1A1604A700F84C5E /* Supporting Files */,
			);
			path = Tabbased;
			sourceTree = "<group>";
		};
		18334C8B1A1604A700F84C5E /* Supporting Files */ = {
			isa = PBXGroup;
			children = (
				18334C8C1A1604A700F84C5E /* Info.plist */,
				18334C8D1A1604A700F84C5E /* main.m */,
			);
			name = "Supporting Files";
			sourceTree = "<group>";
		};
		18334CA41A1604A700F84C5E /* TabbasedTests */ = {
			isa = PBXGroup;
			children = (
				18334CA71A1604A700F84C5E /* TabbasedTests.m */,
				18334CA51A1604A700F84C5E /* Supporting Files */,
			);
			path = TabbasedTests;
			sourceTree = "<group>";
		};
		18334CA51A1604A700F84C5E /* Supporting Files */ = {
			isa = PBXGroup;
			children = (
				18334CA61A1604A700F84C5E /* Info.plist */,
			);
			name = "Supporting Files";
			sourceTree = "<group>";
		};
/* End PBXGroup section */

/* Begin PBXNativeTarget section */
		18334C871A1604A700F84C5E /* Tabbased */ = {
			isa = PBXNativeTarget;
			buildConfigurationList = 18334CAB1A1604A700F84C5E /* Build configuration list for PBXNativeTarget "Tabbased" */;
			buildPhases = (
				18334C841A1604A700F84C5E /* Sources */,
				18334C851A1604A700F84C5E /* Frameworks */,
				18334C861A1604A700F84C5E /* Resources */,
			);
			buildRules = (
			);
			dependencies = (
			);
			name = Tabbased;
			productName = Tabbased;
			productReference = 18334C881A1604A700F84C5E /* Tabbased.app */;
			productType = "com.apple.product-type.application";
		};
		18334CA01A1604A700F84C5E /* TabbasedTests */ = {
			isa = PBXNativeTarget;
			buildConfigurationList = 18334CAE1A1604A700F84C5E /* Build configuration list for PBXNativeTarget "TabbasedTests" */;
			buildPhases = (
				18334C9D1A1604A700F84C5E /* Sources */,
				18334C9E1A1604A700F84C5E /* Frameworks */,
				18334C9F1A1604A700F84C5E /* Resources */,
			);
			buildRules = (
			);
			dependencies = (
				18334CA31A1604A700F84C5E /* PBXTargetDependency */,
			);
			name = TabbasedTests;
			productName = TabbasedTests;
			productReference = 18334CA11A1604A700F84C5E /* TabbasedTests.xctest */;
			productType = "com.apple.product-type.bundle.unit-test";
		};
/* End PBXNativeTarget section */

/* Begin PBXProject section */
		18334C801A1604A700F84C5E /* Project object */ = {
			isa = PBXProject;
			attributes = {
				LastUpgradeCheck = 0610;
				ORGANIZATIONNAME = "Sanjay Kumar";
				TargetAttributes = {
					18334C871A1604A700F84C5E = {
						CreatedOnToolsVersion = 6.1;
					};
					18334CA01A1604A700F84C5E = {
						CreatedOnToolsVersion = 6.1;
						TestTargetID = 18334C871A1604A700F84C5E;
					};
				};
			};
			buildConfigurationList = 18334C831A1604A700F84C5E /* Build configuration list for PBXProject "Tabbased" */;
			compatibilityVersion = "Xcode 3.2";
			developmentRegion = English;
			hasScannedForEncodings = 0;
			knownRegions = (
				en,
				Base,
			);
			mainGroup = 18334C7F1A1604A700F84C5E;
			productRefGroup = 18334C891A1604A700F84C5E /* Products */;
			projectDirPath = "";
			projectRoot = "";
			targets = (
				18334C871A1604A700F84C5E /* Tabbased */,
				18334CA01A1604A700F84C5E /* TabbasedTests */,
			);
		};
/* End PBXProject section */

/* Begin PBXResourcesBuildPhase section */
		18334C861A1604A700F84C5E /* Resources */ = {
			isa = PBXResourcesBuildPhase;
			buildActionMask = 2147483647;
			files = (
				18334C971A1604A700F84C5E /* Main.storyboard in Resources */,
				18334C9C1A1604A700F84C5E /* LaunchScreen.xib in Resources */,
				18334C991A1604A700F84C5E /* Images.xcassets in Resources */,
			);
			runOnlyForDeploymentPostprocessing = 0;
		};
		18334C9F1A1604A700F84C5E /* Resources */ = {
			isa = PBXResourcesBuildPhase;
			buildActionMask = 2147483647;
			files = (
			);
			runOnlyForDeploymentPostprocessing = 0;
		};
/* End PBXResourcesBuildPhase section */

/* Begin PBXSourcesBuildPhase section */
		18334C841A1604A700F84C5E /* Sources */ = {
			isa = PBXSourcesBuildPhase;
			buildActionMask = 2147483647;
			files = (
				18334C941A1604A700F84C5E /* ViewController.m in Sources */,
				18334C911A1604A700F84C5E /* AppDelegate.m in Sources */,
				18334C8E1A1604A700F84C5E /* main.m in Sources */,
			);
			runOnlyForDeploymentPostprocessing = 0;
		};
		18334C9D1A1604A700F84C5E /* Sources */ = {
			isa = PBXSourcesBuildPhase;
			buildActionMask = 2147483647;
			files = (
				18334CA81A1604A700F84C5E /* TabbasedTests.m in Sources */,
			);
			runOnlyForDeploymentPostprocessing = 0;
		};
/* End PBXSourcesBuildPhase section */

/* Begin PBXTargetDependency section */
		18334CA31A1604A700F84C5E /* PBXTargetDependency */ = {
			isa = PBXTargetDependency;
			target = 18334C871A1604A700F84C5E /* Tabbased */;
			targetProxy = 18334CA21A1604A700F84C5E /* PBXContainerItemProxy */;
		};
/* End PBXTargetDependency section */

/* Begin PBXVariantGroup section */
		18334C951A1604A700F84C5E /* Main.storyboard */ = {
			isa = PBXVariantGroup;
			children = (
				18334C961A1604A700F84C5E /* Base */,
			);
			name = Main.storyboard;
			sourceTree = "<group>";
		};
		18334C9A1A1604A700F84C5E /* LaunchScreen.xib */ = {
			isa = PBXVariantGroup;
			children = (
				18334C9B1A1604A700F84C5E /* Base */,
			);
			name = LaunchScreen.xib;
			sourceTree = "<group>";
		};
/* End PBXVariantGroup section */

/* Begin XCBuildConfiguration section */
		18334CA91A1604A700F84C5E /* Debug */ = {
			isa = XCBuildConfiguration;
			buildSettings = {
				ALWAYS_SEARCH_USER_PATHS = NO;
				CLANG_CXX_LANGUAGE_STANDARD = "gnu++0x";
				CLANG_CXX_LIBRARY = "libc++";
				CLANG_ENABLE_MODULES = YES;
				CLANG_ENABLE_OBJC_ARC = YES;
				CLANG_WARN_BOOL_CONVERSION = YES;
				CLANG_WARN_CONSTANT_CONVERSION = YES;
				CLANG_WARN_DIRECT_OBJC_ISA_USAGE = YES_ERROR;
				CLANG_WARN_EMPTY_BODY = YES;
				CLANG_WARN_ENUM_CONVERSION = YES;
				CLANG_WARN_INT_CONVERSION = YES;
				CLANG_WARN_OBJC_ROOT_CLASS = YES_ERROR;
				CLANG_WARN_UNREACHABLE_CODE = YES;
				CLANG_WARN__DUPLICATE_METHOD_MATCH = YES;
				"CODE_SIGN_IDENTITY[sdk=iphoneos*]" = "iPhone Developer";
				COPY_PHASE_STRIP = NO;
				ENABLE_STRICT_OBJC_MSGSEND = YES;
				GCC_C_LANGUAGE_STANDARD = gnu99;
				GCC_DYNAMIC_NO_PIC = NO;
				GCC_OPTIMIZATION_LEVEL = 0;
				GCC_PREPROCESSOR_DEFINITIONS = (
					"DEBUG=1",
					"$(inherited)",
				);
				GCC_SYMBOLS_PRIVATE_EXTERN = NO;
				GCC_WARN_64_TO_32_BIT_CONVERSION = YES;
				GCC_WARN_ABOUT_RETURN_TYPE = YES_ERROR;
				GCC_WARN_UNDECLARED_SELECTOR = YES;
				GCC_WARN_UNINITIALIZED_AUTOS = YES_AGGRESSIVE;
				GCC_WARN_UNUSED_FUNCTION = YES;
				GCC_WARN_UNUSED_VARIABLE = YES;
				IPHONEOS_DEPLOYMENT_TARGET = 8.0;
				MTL_ENABLE_DEBUG_INFO = YES;
				ONLY_ACTIVE_ARCH = YES;
				SDKROOT = iphoneos;
			};
			name = Debug;
		};
		18334CAA1A1604A700F84C5E /* Release */ = {
			isa = XCBuildConfiguration;
			buildSettings = {
				ALWAYS_SEARCH_USER_PATHS = NO;
				CLANG_CXX_LANGUAGE_STANDARD = "gnu++0x";
				CLANG_CXX_LIBRARY = "libc++";
				CLANG_ENABLE_MODULES = YES;
				CLANG_ENABLE_OBJC_ARC = YES;
				CLANG_WARN_BOOL_CONVERSION = YES;
				CLANG_WARN_CONSTANT_CONVERSION = YES;
				CLANG_WARN_DIRECT_OBJC_ISA_USAGE = YES_ERROR;
				CLANG_WARN_EMPTY_BODY = YES;
				CLANG_WARN_ENUM_CONVERSION = YES;
				CLANG_WARN_INT_CONVERSION = YES;
				CLANG_WARN_OBJC_ROOT_CLASS = YES_ERROR;
				CLANG_WARN_UNREACHABLE_CODE = YES;
				CLANG_WARN__DUPLICATE_METHOD_MATCH = YES;
				"CODE_SIGN_IDENTITY[sdk=iphoneos*]" = "iPhone Developer";
				COPY_PHASE_STRIP = YES;
				ENABLE_NS_ASSERTIONS = NO;
				ENABLE_STRICT_OBJC_MSGSEND = YES;
				GCC_C_LANGUAGE_STANDARD = gnu99;
				GCC_WARN_64_TO_32_BIT_CONVERSION = YES;
				GCC_WARN_ABOUT_RETURN_TYPE = YES_ERROR;
				GCC_WARN_UNDECLARED_SELECTOR = YES;
				GCC_WARN_UNINITIALIZED_AUTOS = YES_AGGRESSIVE;
				GCC_WARN_UNUSED_FUNCTION = YES;
				GCC_WARN_UNUSED_VARIABLE = YES;
				IPHONEOS_DEPLOYMENT_TARGET = 8.0;
				MTL_ENABLE_DEBUG_INFO = NO;
				SDKROOT = iphoneos;
				VALIDATE_PRODUCT = YES;
			};
			name = Release;
		};
		18334CAC1A1604A700F84C5E /* Debug */ = {
			isa = XCBuildConfiguration;
			buildSettings = {
				ASSETCATALOG_COMPILER_APPICON_NAME = AppIcon;
				INFOPLIST_FILE = Tabbased/Info.plist;
				LD_RUNPATH_SEARCH_PATHS = "$(inherited) @executable_path/Frameworks";
				PRODUCT_NAME = "$(TARGET_NAME)";
			};
			name = Debug;
		};
		18334CAD1A1604A700F84C5E /* Release */ = {
			isa = XCBuildConfiguration;
			buildSettings = {
				ASSETCATALOG_COMPILER_APPICON_NAME = AppIcon;
				INFOPLIST_FILE = Tabbased/Info.plist;
				LD_RUNPATH_SEARCH_PATHS = "$(inherited) @executable_path/Frameworks";
				PRODUCT_NAME = "$(TARGET_NAME)";
			};
			name = Release;
		};
		18334CAF1A1604A700F84C5E /* Debug */ = {
			isa = XCBuildConfiguration;
			buildSettings = {
				BUNDLE_LOADER = "$(TEST_HOST)";
				FRAMEWORK_SEARCH_PATHS = (
					"$(SDKROOT)/Developer/Library/Frameworks",
					"$(inherited)",
				);
				GCC_PREPROCESSOR_DEFINITIONS = (
					"DEBUG=1",
					"$(inherited)",
				);
				INFOPLIST_FILE = TabbasedTests/Info.plist;
				LD_RUNPATH_SEARCH_PATHS = "$(inherited) @executable_path/Frameworks @loader_path/Frameworks";
				PRODUCT_NAME = "$(TARGET_NAME)";
				TEST_HOST = "$(BUILT_PRODUCTS_DIR)/Tabbased.app/Tabbased";
			};
			name = Debug;
		};
		18334CB01A1604A700F84C5E /* Release */ = {
			isa = XCBuildConfiguration;
			buildSettings = {
				BUNDLE_LOADER = "$(TEST_HOST)";
				FRAMEWORK_SEARCH_PATHS = (
					"$(SDKROOT)/Developer/Library/Frameworks",
					"$(inherited)",
				);
				INFOPLIST_FILE = TabbasedTests/Info.plist;
				LD_RUNPATH_SEARCH_PATHS = "$(inherited) @executable_path/Frameworks @loader_path/Frameworks";
				PRODUCT_NAME = "$(TARGET_NAME)";
				TEST_HOST = "$(BUILT_PRODUCTS_DIR)/Tabbased.app/Tabbased";
			};
			name = Release;
		};
/* End XCBuildConfiguration section */

/* Begin XCConfigurationList section */
		18334C831A1604A700F84C5E /* Build configuration list for PBXProject "Tabbased" */ = {
			isa = XCConfigurationList;
			buildConfigurations = (
				18334CA91A1604A700F84C5E /* Debug */,
				18334CAA1A1604A700F84C5E /* Release */,
			);
			defaultConfigurationIsVisible = 0;
			defaultConfigurationName = Release;
		};
		18334CAB1A1604A700F84C5E /* Build configuration list for PBXNativeTarget "Tabbased" */ = {
			isa = XCConfigurationList;
			buildConfigurations = (
				18334CAC1A1604A700F84C5E /* Debug */,
				18334CAD1A1604A700F84C5E /* Release */,
			);
			defaultConfigurationIsVisible = 0;
		};
		18334CAE1A1604A700F84C5E /* Build configuration list for PBXNativeTarget "TabbasedTests" */ = {
			isa = XCConfigurationList;
			buildConfigurations = (
				18334CAF1A1604A700F84C5E /* Debug */,
				18334CB01A1604A700F84C5E /* Release */,
			);
			defaultConfigurationIsVisible = 0;
		};
/* End XCConfigurationList section */
	};
	rootObject = 18334C801A1604A700F84C5E /* Project object */;
}
